
Microsoft Visual Studio Solution File, Format Version 12.00
# Visual Studio Version 17
VisualStudioVersion = 17.14.36414.22 d17.14
MinimumVisualStudioVersion = 10.0.40219.1
Project("{FAE04EC0-301F-11D3-BF4B-00C04F79EFBC}") = "PokemonReviewApp", "PokemonReviewApp\PokemonReviewApp.csproj", "{BC1F7A11-4EAF-498B-B9D7-1C14F9543335}"
EndProject
Global
	GlobalSection(SolutionConfigurationPlatforms) = preSolution
		Debug|Any CPU = Debug|Any CPU
		Release|Any CPU = Release|Any CPU
	EndGlobalSection
	GlobalSection(ProjectConfigurationPlatforms) = postSolution
		{BC1F7A11-4EAF-498B-B9D7-1C14F9543335}.Debug|Any CPU.ActiveCfg = Debug|Any CPU
		{BC1F7A11-4EAF-498B-B9D7-1C14F9543335}.Debug|Any CPU.Build.0 = Debug|Any CPU
		{BC1F7A11-4EAF-498B-B9D7-1C14F9543335}.Release|Any CPU.ActiveCfg = Release|Any CPU
		{BC1F7A11-4EAF-498B-B9D7-1C14F9543335}.Release|Any CPU.Build.0 = Release|Any CPU
	EndGlobalSection
	GlobalSection(SolutionProperties) = preSolution
		HideSolutionNode = FALSE
	EndGlobalSection
	GlobalSection(ExtensibilityGlobals) = postSolution
		SolutionGuid = {89038EA9-C050-480F-AD33-7F392118CD23}
	EndGlobalSection
EndGlobal
